
Microsoft Visual Studio Solution File, Format Version 12.00
# Visual Studio Version 17
VisualStudioVersion = 17.1.32319.34
MinimumVisualStudioVersion = 10.0.40219.1
Project("{FAE04EC0-301F-11D3-BF4B-00C04F79EFBC}") = "PeopleList", "PeopleList\PeopleList.csproj", "{A6FF94DB-F2FE-447B-B547-0C3521B70CCF}"
EndProject
Project("{FAE04EC0-301F-11D3-BF4B-00C04F79EFBC}") = "PeopleList.Tests", "PeopleList.Tests\PeopleList.Tests.csproj", "{2484CF69-DAE2-4C4B-A294-F06BAB650CFE}"
EndProject
Global
	GlobalSection(SolutionConfigurationPlatforms) = preSolution
		Debug|Any CPU = Debug|Any CPU
		Release|Any CPU = Release|Any CPU
	EndGlobalSection
	GlobalSection(ProjectConfigurationPlatforms) = postSolution
		{A6FF94DB-F2FE-447B-B547-0C3521B70CCF}.Debug|Any CPU.ActiveCfg = Debug|Any CPU
		{A6FF94DB-F2FE-447B-B547-0C3521B70CCF}.Debug|Any CPU.Build.0 = Debug|Any CPU
		{A6FF94DB-F2FE-447B-B547-0C3521B70CCF}.Release|Any CPU.ActiveCfg = Release|Any CPU
		{A6FF94DB-F2FE-447B-B547-0C3521B70CCF}.Release|Any CPU.Build.0 = Release|Any CPU
		{2484CF69-DAE2-4C4B-A294-F06BAB650CFE}.Debug|Any CPU.ActiveCfg = Debug|Any CPU
		{2484CF69-DAE2-4C4B-A294-F06BAB650CFE}.Debug|Any CPU.Build.0 = Debug|Any CPU
		{2484CF69-DAE2-4C4B-A294-F06BAB650CFE}.Release|Any CPU.ActiveCfg = Release|Any CPU
		{2484CF69-DAE2-4C4B-A294-F06BAB650CFE}.Release|Any CPU.Build.0 = Release|Any CPU
	EndGlobalSection
	GlobalSection(SolutionProperties) = preSolution
		HideSolutionNode = FALSE
	EndGlobalSection
	GlobalSection(ExtensibilityGlobals) = postSolution
		SolutionGuid = {F25C86EF-91B6-472C-A346-FF0562EE7B21}
	EndGlobalSection
EndGlobal
